{
    "_meta": {
        "hash": {
            "sha256": "3149adcdcfdc60b8cd246a838c381748b0611c809d7f8629bb6c7ccd3fa893a5"
        },
        "pipfile-spec": 6,
        "requires": {
            "python_version": "3.9"
        },
        "sources": [
            {
                "name": "pypi",
                "url": "https://pypi.org/simple",
                "verify_ssl": true
            }
        ]
    },
    "default": {
        "certifi": {
            "hashes": [
                "sha256:0f0d56dc5a6ad56fd4ba36484d6cc34451e1c6548c61daad8c320169f91eddc7",
                "sha256:c6c2e98f5c7869efca1f8916fed228dd91539f9f1b444c314c06eef02980c716"
            ],
            "markers": "python_version >= '3.6'",
            "version": "==2023.5.7"
        },
        "func-timeout": {
            "hashes": [
                "sha256:74cd3c428ec94f4edfba81f9b2f14904846d5ffccc27c92433b8b5939b5575dd"
            ],
            "index": "pypi",
            "version": "==4.3.5"
        },
        "influxdb-client": {
            "hashes": [
                "sha256:59654af4f7133f0ecf916411935b50f42e5c4bc125d218e193848f3615b57bfc",
                "sha256:a5a8d840139431356235f6c786cd49740ed545b6e99be62ae3fb6ba5df1d982b"
            ],
            "index": "pypi",
            "version": "==1.36.1"
        },
        "line-protocol-parser": {
            "hashes": [
                "sha256:000230fe79197e0fb9f18fc60463a91e1533406719eefc9674d69b4a34290616",
                "sha256:092fd5e20a0ad369993cc29d7d407281b4ee423afaef3df9696efaceb210d23e",
                "sha256:09acf04b6faaeb538e0ab4808042a9e0a506cb95b0f649ac20208ef5e824ef9b",
                "sha256:0a1a82703a6770663a156927724b90950fcbbbcfeb86355cc4513c958d25e4af",
                "sha256:0a6027c06142956e16d78465b342c7cbfe9e21974fd095c2d9fc006ee09dca8b",
                "sha256:0bd5e9a4b19e8286600bd6f7b584c0530f23f0cf2b6cbf9094c47b4a5e457f25",
                "sha256:114b72a25b66d63392c9dbed00444a8e5e29ca8fcecd7b797b22a25f6dde3452",
                "sha256:125d0e11d02eefdae6893a7b3ab8cfdbafbdf719fd0f132a9cbfe075526e10f4",
                "sha256:136c10e54709884d73f56289aff350dad44eeadff50ea1acf28c7127846bba70",
                "sha256:1439afe20d176ed73aee1f0d6d98e7edb6e5fb13130c697a9dc3d2390bfa22f5",
                "sha256:14fdf3b9cf626ef55b4d74a601b85fc482b5aebbd2e8afffa771bee0acc7580f",
                "sha256:17a401e8c4dee9957c1c18ef32a13b6a8f9a6a2d08bb21d6aac1fc2c991e523c",
                "sha256:18322447e93d65c3d6b541fdd616e68e93b0018aa912192370de4cf99c8d5c43",
                "sha256:1b57440e71db50cf2839ae45a6b656a8f92435e12231fb9580b3d937c8fac5cc",
                "sha256:1dcc44faeca92d4c76edd139af3a5677f46df42c59bc392f1ad049099a9a478e",
                "sha256:1e3088b802c1a37719461abef26acca4a04e4334dcabfe0a7c122b7dd1da4a5e",
                "sha256:1e9023953648fa0ccea94469e3cbaf77cfb1c24a5c6f58a5bafd58cb15f1240b",
                "sha256:1ff2d92b4d9ed159fbb82805d048f3c19c28cb5cf4b4aee9e9f23900975c5b59",
                "sha256:25cc27756c3db083186920d1a4cd79ce0da799be008dd697109b8df0e3f64449",
                "sha256:271d80441e24df563445ead53e30160b341bf45e483b43651a73f5bc15310c12",
                "sha256:2c0a61fdd1d8edceab7c6ebba61aa038b198138c27a6e13abbec99f82a3c2a63",
                "sha256:2c40419834326c45519b4f71d047f8fc208b84fa3a418f29f1482152a6915a9c",
                "sha256:3135c49978982ae9c2164651fb3417c75ee28d89628d6365ae95a4fc87021b0e",
                "sha256:3785ece4c16306d7ef57239958636f1b9693f3d64442a4351e95d2830925eb52",
                "sha256:383ba11e4820b189b3330ebe03cd7b398b082b6589f0b044c5cf3cbe2619c13e",
                "sha256:3e29067fd628fc1104c6eefce0a4733b64446c0dec6b8dffb0eb12e6a3202f56",
                "sha256:3f5dd9296eca4aa64ab3cf404e978aa654a315a93d6aec483e9de7f6b07ffe66",
                "sha256:3f5fdd9650ba1ca2f352293c0d1043df77e00e4a1e97266c6067f74954446326",
                "sha256:3fa0af862a2a543173c8fec92a3aea2fb0a493058d682af74878b13f68d473dd",
                "sha256:4276059afa07bb2ff3f0b61b37e4016cf26ca7b408217d902f672b2bb1cd0b3a",
                "sha256:4320e3705af52e156358e95253d1e448508bd11969698a1203b60a1d466a9928",
                "sha256:446dd683ce497cd3c2622547100c6e673430c71f2af7e39267d58353fae04aa5",
                "sha256:447dd78dc42a259f20e4ae00bf2b2abf31ed97d2dd547a048e2e58e2e3be76af",
                "sha256:464a04dcda479e79fbbc849896df8361cd5e7b9860d41f3ce6a84b6dcf7fc6da",
                "sha256:46f66a9ac7e1d8e198fc43655d1e86b0cc5e9fc7192ebd8ee475724ea4bc9a08",
                "sha256:4714996acd4cd7927c37df3c9a37a50230fdc4192492fb3f6c86248109011344",
                "sha256:480fc2f3314e15219e5d349da21bc906c2bc77111c3b5d9ca7d05e89e71c195d",
                "sha256:49410fd0fc6aacf499c2f09c62513969f1139ceeedc6b03cfb6f7e079f56b7e3",
                "sha256:4ac8f6971f1c209ce787ea39751409b10453bba7f0379dfa1afc26033190b87e",
                "sha256:528beac9dba7d1189982946a5f5a12cc4fc70155f78a29b0e62e700073b4a2d7",
                "sha256:5421d3e19e8a0d79073777f44d06b5e38fe0600db7a15727e4e3a43cce47a2bc",
                "sha256:5820efd60428b4ac659ccc4c4b6261b96fee1d9b2d52b0c35fe9e5424d359453",
                "sha256:58b0415b0b80b4e37703336bce6e448cfcb2e4f88a681a9ea572839bde4048f5",
                "sha256:5be0705587ecb5bc93381d79ea65605bd3c18bb06ea8e5e9d5b12fa69b97b4e9",
                "sha256:5d83d63ae4bee1ef8287203a71c15471d6b7c0c1a2cfa929d311599deaf70362",
                "sha256:62969348605e4839252a5f727771f88f043321652a26e5e038849b15d1ad185d",
                "sha256:63aed9c5d368e3bb71c850e45eab286eacad8927fae6976fb0b6fd6f6227815a",
                "sha256:66d614d81dc74f7f028b53b90eadbf5dcace12a2513d7e48f842d8f5d8257a25",
                "sha256:67902708d8bd2beb0f9d25cf2589b1365461640e2995989af572976144d26f76",
                "sha256:67f34af3bd957455fc7eed2c29e00a8d32383369e1b06e136f9c79a69474e8a0",
                "sha256:681b8a376002934defe76f457922f6832edc613486f8eb2979d65af161146eb8",
                "sha256:6c5cf1edff08eca23e0e5abc806e7ea57fb1370ba63d75ca743df7895ba18fc0",
                "sha256:6cb5d543e33fcc544ac9a7a89613d0383d046ea55ff3382b0878823404877781",
                "sha256:6cd30cfcefb5ffc0868d4fc9e96fc55e60dffd42813ad70acf93175511d16a86",
                "sha256:754de44624c6b672f89684908cf75f96d38de801c58de4d41eb88beef1085e2b",
                "sha256:76fc1bfb579a21f20352a675e28ff7605bf0d93cdad8ef50ea3cee063b227fca",
                "sha256:7b2aee01b3443f47124ffe89b04f8446e6209b7aa2dc905ec6603f913244d8ce",
                "sha256:7def7bdee5a9eb57f2424232181b0efc90f909d0d7cd9c76c812198c5093666b",
                "sha256:80114146157715927f43344bb12c1001bd1ba2796a25fb7920335d6177ae7c1d",
                "sha256:80f458c143083cca531c4e9a75cd330c04f0068cc47783c88a87ff7e3f6e81d7",
                "sha256:8393eeed8d38378e6051588805627325c3d76c6b554eaf83bb54bb45c5f4ce8f",
                "sha256:8a8c4ea3b6a102077b1e055ee2a1fdf9f8c24fdfffa28752329f8ab680900606",
                "sha256:8be2535b0b438c2de4456a72dd0809d338b578d256dc9ec61daf0a0268ec5cf7",
                "sha256:91db3378c6433667537ecbe9bebfeb1da118de609d8a7edb77c5423183f4217e",
                "sha256:9655094bfa94132c3a5becd73b309b9f2512dac2392357a8027896f55267eff5",
                "sha256:973764abaebcfb492b5589e53f616bb0b3ceece87cc910d22bf2b0850a53cae3",
                "sha256:99bf76b44987fcba19045bdb4f92a294ae50719931f4a44b09a55bfa348e516f",
                "sha256:9e45925a2386b563c8076f6619be02336e26135d3a685437b784b805817c7280",
                "sha256:a030a6313c48965fb161fbf74bcfb5d139e8f90816042f1582216f650746183d",
                "sha256:a143289ba113b6123126a486e5934c4e9c1d7b18cd1f6339f78a37a0ad0cd2ea",
                "sha256:a390f1abec3ad5a84b99d9c99c5dd8ef50995069202b97407bb7126641ad4bdc",
                "sha256:a6db4410c561c72936f2a84c4a68a95adf60e94a70baa8e5ffaa069744487ddc",
                "sha256:a70570ec52306802b762f1e733108840d0a7b6549026c41dd8bcd920f36ec528",
                "sha256:a94292a6741206562fe9cf3a1ce0faa8c3f1400001457e83ddf62ce36ab5d0ee",
                "sha256:ab68995ed7301f8805b075ca9c9cfc358bc473eceb47915f87c1cd6f91789c4c",
                "sha256:abd4c13e864641d601509a2b84614843e87e4cc1193455e3880b8bac52372e25",
                "sha256:aee455fa165110386a9616f9c71ba2799be85eb68f494ab944af492e80b4bb6a",
                "sha256:af292edf03e7d459f9e1390566ab57cd0ce8274fbe8165ee5de80dd01d507b62",
                "sha256:b13f49a82ccbd68fafbfdd775bf88055abbe23fc8b6048c66725300624beb86d",
                "sha256:b1ca24ece1a1a383c177dc195d48cec85e55cb96b988d5dd19739ffa98f58423",
                "sha256:b319422115201479c7f54dd81a7736de8436176c51fdc5472584e3e2a2051c91",
                "sha256:b6773921d8cf1167ec4b08fa597742223ca75e715f80a5e8796a6f9088cccffc",
                "sha256:b7433547cf3b5abb13ce9b11b1cf58c393d3dee271a648717bff17f32abf37fe",
                "sha256:b8384b1da9dbf173246e0018829f973ab1f02481a7d86299c6cf4c314c5c7bf1",
                "sha256:b9cdedfc48432e1688580859e3fce5f0d54fc33579af29e3847e1e0308be5d68",
                "sha256:bd683ff4be2c1b42d357aae01a3700d4697ad625bf7c5ad6b603def98420d73f",
                "sha256:c52496397c3262c4c6283c440a7527aa9848ccbe940f8aa2e1084b7446dd6d2c",
                "sha256:c58438b72734370282354c56cbd9e9966f5b042ff8c03e9a322198e73efcfb42",
                "sha256:c60e1b94cd90a1d5da671768dd1f37a35f9e3bc85d9b1ca210cf067b4070f198",
                "sha256:c71069d2a41e8c49dee7d572f3d74f7971f47db621e0a02b5f78e75698c0cea7",
                "sha256:c795d77e9a5eea78d0279701f7c4d4dc039d4eb325c518c05b0fd638d00d3222",
                "sha256:c851bcc91e85e3fc16bfa13b58e045dc1be0fd7eb9bcccecb662f332a8d3e282",
                "sha256:cb9fc2c6bc44dbc99791b8239d86aa90aace2766062f2a43aaec651840527fcf",
                "sha256:cc76e92c390ef54a81a81c2f98f51daf82e5b0461e78f51aba9097afc5819ff8",
                "sha256:cc89bceb3b2b4774ba42462ba45c02717a38e14b0ced838a881e3229f065d117",
                "sha256:cdc03b37f81a25798c9178ddeaa806aa3af73fabd28982a8c8460bb4f1796996",
                "sha256:d22a4daa6a8deafad9a1ca375d977af00202b243acbc6d6fe2760da08ac59186",
                "sha256:d4e0939bf80f1016ebe6e7bd74c56500bf614951d131fe3044a50997b8b2591f",
                "sha256:e08c97226dee70b31222d9199661a7c685d878a11e25b106c358176099eaa294",
                "sha256:e0f01ee5e457f9e13a9ed6bab82ea0bc30bbe5fc8853b94784dd442f41d4484f",
                "sha256:e54d5a2cbeb9742953af50fc00772ffa2587d3bfa2bc20186775d11d9ab63cdb",
                "sha256:e5d7cb39ca85560d9bdf3a29c12bac66cf75f064f54c9f85babbda2187e0086e",
                "sha256:e6a7a7c52b2d72947cb6d8f977c4d01d591973e2ba4ba884fdf9f7d6668b0a5b",
                "sha256:ec155fc973aaa1ff15c32ad7a874dd8a0470e4b0bf2984b2f9564f6b79f90f48",
                "sha256:ec2a1ddef6921296a25163d132331718a0730ed1f203f4c645efc44b32e66026",
                "sha256:ecca09a7a9883c55003b0cea8f3b044e0067fe68b80c958f6716654356133cb7",
                "sha256:ed4883a2c35830d888401953396fe212398ebbac9880f4c4ac24bc7bf0ff80d6",
                "sha256:ef5d8ffbb25ad5e825228ce61b12a3dd3f16a06f311339c279506520cf416bcb",
                "sha256:ef95c1b886117eb5447db76c7f670bc7c069b15ab7b63a2d7c52c6d3964fa752",
                "sha256:f10a79267d1ea21222fe2a5e999ab6906b66397ce86256645e6121bf2c0afecd",
                "sha256:f7422c8bf245f6fbf52ec62a752b9a1a8cdcb0833474a983f68801a0b4a04459",
                "sha256:f85ba172abe584c51123538b79adfad0752bc0f91a10bae8b3464a8a7d46a20e",
                "sha256:f9290659dbe9a1474c1a18603f53b5354441e26140bfff607b4fe3dafd073b2d",
                "sha256:f951f666525583c80acd8eb1bb21004d91722726e14be4ebaaaaa5b74c7e3fa1",
                "sha256:fa57ec0f572756f59356ca000fc3a6fbb604782c91a50f67c0d5f3c90fbc2a20",
                "sha256:fec8bcada1d4d3edd9d7f37082d438f17c36f033d1a315c71fb5fb8a0e88222d"
            ],
            "index": "pypi",
            "version": "==1.1.1"
        },
        "numpy": {
            "hashes": [
                "sha256:0ec87a7084caa559c36e0a2309e4ecb1baa03b687201d0a847c8b0ed476a7187",
                "sha256:1a7d6acc2e7524c9955e5c903160aa4ea083736fde7e91276b0e5d98e6332812",
                "sha256:202de8f38fc4a45a3eea4b63e2f376e5f2dc64ef0fa692838e31a808520efaf7",
                "sha256:210461d87fb02a84ef243cac5e814aad2b7f4be953b32cb53327bb49fd77fbb4",
                "sha256:2d926b52ba1367f9acb76b0df6ed21f0b16a1ad87c6720a1121674e5cf63e2b6",
                "sha256:352ee00c7f8387b44d19f4cada524586f07379c0d49270f87233983bc5087ca0",
                "sha256:35400e6a8d102fd07c71ed7dcadd9eb62ee9a6e84ec159bd48c28235bbb0f8e4",
                "sha256:3c1104d3c036fb81ab923f507536daedc718d0ad5a8707c6061cdfd6d184e570",
                "sha256:4719d5aefb5189f50887773699eaf94e7d1e02bf36c1a9d353d9f46703758ca4",
                "sha256:4749e053a29364d3452c034827102ee100986903263e89884922ef01a0a6fd2f",
                "sha256:5342cf6aad47943286afa6f1609cad9b4266a05e7f2ec408e2cf7aea7ff69d80",
                "sha256:56e48aec79ae238f6e4395886b5eaed058abb7231fb3361ddd7bfdf4eed54289",
                "sha256:76e3f4e85fc5d4fd311f6e9b794d0c00e7002ec122be271f2019d63376f1d385",
                "sha256:7776ea65423ca6a15255ba1872d82d207bd1e09f6d0894ee4a64678dd2204078",
                "sha256:784c6da1a07818491b0ffd63c6bbe5a33deaa0e25a20e1b3ea20cf0e43f8046c",
                "sha256:8535303847b89aa6b0f00aa1dc62867b5a32923e4d1681a35b5eef2d9591a463",
                "sha256:9a7721ec204d3a237225db3e194c25268faf92e19338a35f3a224469cb6039a3",
                "sha256:a1d3c026f57ceaad42f8231305d4653d5f05dc6332a730ae5c0bea3513de0950",
                "sha256:ab344f1bf21f140adab8e47fdbc7c35a477dc01408791f8ba00d018dd0bc5155",
                "sha256:ab5f23af8c16022663a652d3b25dcdc272ac3f83c3af4c02eb8b824e6b3ab9d7",
                "sha256:ae8d0be48d1b6ed82588934aaaa179875e7dc4f3d84da18d7eae6eb3f06c242c",
                "sha256:c91c4afd8abc3908e00a44b2672718905b8611503f7ff87390cc0ac3423fb096",
                "sha256:d5036197ecae68d7f491fcdb4df90082b0d4960ca6599ba2659957aafced7c17",
                "sha256:d6cc757de514c00b24ae8cf5c876af2a7c3df189028d68c0cb4eaa9cd5afc2bf",
                "sha256:d933fabd8f6a319e8530d0de4fcc2e6a61917e0b0c271fded460032db42a0fe4",
                "sha256:ea8282b9bcfe2b5e7d491d0bf7f3e2da29700cec05b49e64d6246923329f2b02",
                "sha256:ecde0f8adef7dfdec993fd54b0f78183051b6580f606111a6d789cd14c61ea0c",
                "sha256:f21c442fdd2805e91799fbe044a7b999b8571bb0ab0f7850d0cb9641a687092b"
            ],
            "markers": "python_version < '3.10'",
            "version": "==1.24.3"
        },
        "pandas": {
            "hashes": [
                "sha256:02755de164da6827764ceb3bbc5f64b35cb12394b1024fdf88704d0fa06e0e2f",
                "sha256:0a1e0576611641acde15c2322228d138258f236d14b749ad9af498ab69089e2d",
                "sha256:1eb09a242184092f424b2edd06eb2b99d06dc07eeddff9929e8667d4ed44e181",
                "sha256:30a89d0fec4263ccbf96f68592fd668939481854d2ff9da709d32a047689393b",
                "sha256:50e451932b3011b61d2961b4185382c92cc8c6ee4658dcd4f320687bb2d000ee",
                "sha256:51a93d422fbb1bd04b67639ba4b5368dffc26923f3ea32a275d2cc450f1d1c86",
                "sha256:598e9020d85a8cdbaa1815eb325a91cfff2bb2b23c1442549b8a3668e36f0f77",
                "sha256:66d00300f188fa5de73f92d5725ced162488f6dc6ad4cecfe4144ca29debe3b8",
                "sha256:69167693cb8f9b3fc060956a5d0a0a8dbfed5f980d9fd2c306fb5b9c855c814c",
                "sha256:6d6d10c2142d11d40d6e6c0a190b1f89f525bcf85564707e31b0a39e3b398e08",
                "sha256:713f2f70abcdade1ddd68fc91577cb090b3544b07ceba78a12f799355a13ee44",
                "sha256:7376e13d28eb16752c398ca1d36ccfe52bf7e887067af9a0474de6331dd948d2",
                "sha256:77550c8909ebc23e56a89f91b40ad01b50c42cfbfab49b3393694a50549295ea",
                "sha256:7b21cb72958fc49ad757685db1919021d99650d7aaba676576c9e88d3889d456",
                "sha256:9ebb9f1c22ddb828e7fd017ea265a59d80461d5a79154b49a4207bd17514d122",
                "sha256:a18e5c72b989ff0f7197707ceddc99828320d0ca22ab50dd1b9e37db45b010c0",
                "sha256:a6b5f14cd24a2ed06e14255ff40fe2ea0cfaef79a8dd68069b7ace74bd6acbba",
                "sha256:b42b120458636a981077cfcfa8568c031b3e8709701315e2bfa866324a83efa8",
                "sha256:c4af689352c4fe3d75b2834933ee9d0ccdbf5d7a8a7264f0ce9524e877820c08",
                "sha256:c7319b6e68de14e6209460f72a8d1ef13c09fb3d3ef6c37c1e65b35d50b5c145",
                "sha256:cf3f0c361a4270185baa89ec7ab92ecaa355fe783791457077473f974f654df5",
                "sha256:dd46bde7309088481b1cf9c58e3f0e204b9ff9e3244f441accd220dd3365ce7c",
                "sha256:dd5476b6c3fe410ee95926873f377b856dbc4e81a9c605a0dc05aaccc6a7c6c6",
                "sha256:e69140bc2d29a8556f55445c15f5794490852af3de0f609a24003ef174528b79",
                "sha256:f908a77cbeef9bbd646bd4b81214cbef9ac3dda4181d5092a4aa9797d1bc7774"
            ],
            "index": "pypi",
            "version": "==2.0.2"
        },
        "pika": {
            "hashes": [
                "sha256:0779a7c1fafd805672796085560d290213a465e4f6f76a6fb19e378d8041a14f",
                "sha256:b2a327ddddf8570b4965b3576ac77091b850262d34ce8c1d8cb4e4146aa4145f"
            ],
            "index": "pypi",
            "version": "==1.3.2"
        },
        "python-dateutil": {
            "hashes": [
                "sha256:0123cacc1627ae19ddf3c27a5de5bd67ee4586fbdd6440d9748f8abb483d3e86",
                "sha256:961d03dc3453ebbc59dbdea9e4e11c5651520a876d0f4db161e8674aae935da9"
            ],
            "markers": "python_version >= '2.7' and python_version not in '3.0, 3.1, 3.2, 3.3'",
            "version": "==2.8.2"
        },
        "pytz": {
            "hashes": [
                "sha256:1d8ce29db189191fb55338ee6d0387d82ab59f3d00eac103412d64e0ebd0c588",
                "sha256:a151b3abb88eda1d4e34a9814df37de2a80e301e68ba0fd856fb9b46bfbbbffb"
            ],
            "version": "==2023.3"
        },
        "reactivex": {
            "hashes": [
                "sha256:0004796c420bd9e68aad8e65627d85a8e13f293de76656165dffbcb3a0e3fb6a",
                "sha256:e912e6591022ab9176df8348a653fe8c8fa7a301f26f9931c9d8c78a650e04e8"
            ],
            "markers": "python_version >= '3.7' and python_version < '4.0'",
            "version": "==4.0.4"
        },
        "setuptools": {
            "hashes": [
                "sha256:5df61bf30bb10c6f756eb19e7c9f3b473051f48db77fddbe06ff2ca307df9a6f",
                "sha256:62642358adc77ffa87233bc4d2354c4b2682d214048f500964dbe760ccedf102"
            ],
            "markers": "python_version >= '3.7'",
            "version": "==67.8.0"
        },
        "six": {
            "hashes": [
                "sha256:1e61c37477a1626458e36f7b1d82aa5c9b094fa4802892072e49de9c60c4c926",
                "sha256:8abb2f1d86890a2dfb989f9a77cfcfd3e47c2a354b01111771326f8aa26e0254"
            ],
            "markers": "python_version >= '2.7' and python_version not in '3.0, 3.1, 3.2, 3.3'",
            "version": "==1.16.0"
        },
        "typing-extensions": {
            "hashes": [
                "sha256:06006244c70ac8ee83fa8282cb188f697b8db25bc8b4df07be1873c43897060c",
                "sha256:3a8b36f13dd5fdc5d1b16fe317f5668545de77fa0b8e02006381fd49d731ab98"
            ],
            "markers": "python_version >= '3.7'",
            "version": "==4.6.2"
        },
        "tzdata": {
            "hashes": [
                "sha256:11ef1e08e54acb0d4f95bdb1be05da659673de4acbd21bf9c69e94cc5e907a3a",
                "sha256:7e65763eef3120314099b6939b5546db7adce1e7d6f2e179e3df563c70511eda"
            ],
            "markers": "python_version >= '2'",
            "version": "==2023.3"
        },
        "urllib3": {
            "hashes": [
                "sha256:61717a1095d7e155cdb737ac7bb2f4324a858a1e2e6466f6d03ff630ca68d3cc",
                "sha256:d055c2f9d38dc53c808f6fdc8eab7360b6fdbbde02340ed25cfbcd817c62469e"
            ],
            "markers": "python_version >= '3.7'",
            "version": "==2.0.2"
        }
    },
    "develop": {}
}
