{
    "_meta": {
        "hash": {
            "sha256": "bdc8d274b133239b703330a9baf8534c87ce121be770e6088298549ebf7ab74f"
        },
        "pipfile-spec": 6,
        "requires": {
            "python_full_version": "3.9.12",
            "python_version": "3.9"
        },
        "sources": [
            {
                "name": "pypi",
                "url": "https://pypi.org/simple",
                "verify_ssl": true
            }
        ]
    },
    "default": {
        "grpcio": {
            "hashes": [
                "sha256:094e64236253590d9d4075665c77b329d707b6fca864dd62b144255e199b4f87",
                "sha256:0dc5354e38e5adf2498312f7241b14c7ce3484eefa0082db4297189dcbe272e6",
                "sha256:0e1a9e1b4a23808f1132aa35f968cd8e659f60af3ffd6fb00bcf9a65e7db279f",
                "sha256:0fb93051331acbb75b49a2a0fd9239c6ba9528f6bdc1dd400ad1cb66cf864292",
                "sha256:16c71740640ba3a882f50b01bf58154681d44b51f09a5728180a8fdc66c67bd5",
                "sha256:172405ca6bdfedd6054c74c62085946e45ad4d9cec9f3c42b4c9a02546c4c7e9",
                "sha256:17ec9b13cec4a286b9e606b48191e560ca2f3bbdf3986f91e480a95d1582e1a7",
                "sha256:22b011674090594f1f3245960ced7386f6af35485a38901f8afee8ad01541dbd",
                "sha256:24ac1154c4b2ab4a0c5326a76161547e70664cd2c39ba75f00fc8a2170964ea2",
                "sha256:257478300735ce3c98d65a930bbda3db172bd4e00968ba743e6a1154ea6edf10",
                "sha256:29cb97d41a4ead83b7bcad23bdb25bdd170b1e2cba16db6d3acbb090bc2de43c",
                "sha256:2b170eaf51518275c9b6b22ccb59450537c5a8555326fd96ff7391b5dd75303c",
                "sha256:31bb6bc7ff145e2771c9baf612f4b9ebbc9605ccdc5f3ff3d5553de7fc0e0d79",
                "sha256:3c2b3842dcf870912da31a503454a33a697392f60c5e2697c91d133130c2c85d",
                "sha256:3f9b0023c2c92bebd1be72cdfca23004ea748be1813a66d684d49d67d836adde",
                "sha256:471d39d3370ca923a316d49c8aac66356cea708a11e647e3bdc3d0b5de4f0a40",
                "sha256:49d680356a975d9c66a678eb2dde192d5dc427a7994fb977363634e781614f7c",
                "sha256:4c4423ea38a7825b8fed8934d6d9aeebdf646c97e3c608c3b0bcf23616f33877",
                "sha256:506b9b7a4cede87d7219bfb31014d7b471cfc77157da9e820a737ec1ea4b0663",
                "sha256:538d981818e49b6ed1e9c8d5e5adf29f71c4e334e7d459bf47e9b7abb3c30e09",
                "sha256:59dffade859f157bcc55243714d57b286da6ae16469bf1ac0614d281b5f49b67",
                "sha256:5a6ebcdef0ef12005d56d38be30f5156d1cb3373b52e96f147f4a24b0ddb3a9d",
                "sha256:5dca372268c6ab6372d37d6b9f9343e7e5b4bc09779f819f9470cd88b2ece3c3",
                "sha256:6df3b63538c362312bc5fa95fb965069c65c3ea91d7ce78ad9c47cab57226f54",
                "sha256:6f0b89967ee11f2b654c23b27086d88ad7bf08c0b3c2a280362f28c3698b2896",
                "sha256:75e29a90dc319f0ad4d87ba6d20083615a00d8276b51512e04ad7452b5c23b04",
                "sha256:7942b32a291421460d6a07883033e392167d30724aa84987e6956cd15f1a21b9",
                "sha256:9235dcd5144a83f9ca6f431bd0eccc46b90e2c22fe27b7f7d77cabb2fb515595",
                "sha256:97d67983189e2e45550eac194d6234fc38b8c3b5396c153821f2d906ed46e0ce",
                "sha256:9ff42c5620b4e4530609e11afefa4a62ca91fa0abb045a8957e509ef84e54d30",
                "sha256:a8a0b77e992c64880e6efbe0086fe54dfc0bbd56f72a92d9e48264dcd2a3db98",
                "sha256:aacb54f7789ede5cbf1d007637f792d3e87f1c9841f57dd51abf89337d1b8472",
                "sha256:bc59f7ba87972ab236f8669d8ca7400f02a0eadf273ca00e02af64d588046f02",
                "sha256:cc2bece1737b44d878cc1510ea04469a8073dbbcdd762175168937ae4742dfb3",
                "sha256:cd3baccea2bc5c38aeb14e5b00167bd4e2373a373a5e4d8d850bd193edad150c",
                "sha256:dad6533411d033b77f5369eafe87af8583178efd4039c41d7515d3336c53b4f1",
                "sha256:e223a9793522680beae44671b9ed8f6d25bbe5ddf8887e66aebad5e0686049ef",
                "sha256:e473525c28251558337b5c1ad3fa969511e42304524a4e404065e165b084c9e4",
                "sha256:e4ef09f8997c4be5f3504cefa6b5c6cc3cf648274ce3cede84d4342a35d76db6",
                "sha256:e6dfc2b6567b1c261739b43d9c59d201c1b89e017afd9e684d85aa7a186c9f7a",
                "sha256:eacad297ea60c72dd280d3353d93fb1dcca952ec11de6bb3c49d12a572ba31dd",
                "sha256:f1158bccbb919da42544a4d3af5d9296a3358539ffa01018307337365a9a0c64",
                "sha256:f1fec3abaf274cdb85bf3878167cfde5ad4a4d97c68421afda95174de85ba813",
                "sha256:f96ace1540223f26fbe7c4ebbf8a98e3929a6aa0290c8033d12526847b291c0f",
                "sha256:fbdbe9a849854fe484c00823f45b7baab159bdd4a46075302281998cb8719df5"
            ],
            "index": "pypi",
            "version": "==1.51.1"
        },
        "grpcio-tools": {
            "hashes": [
                "sha256:048793747339f327ea091d8f022c6756d89713d8080dffde5ce7380cc348ea8e",
                "sha256:055819992ddd30c642a7fd6f344a03747be3afa95cb910f8a2e5efaabd41cde5",
                "sha256:0a218f64e667f3332b74080bdc5440aaf0fa6700ae07a0b54ecf085aaef2aa9f",
                "sha256:14e82c2b3ee7e300611c2c729d411b3b911e4cca5f4ec14787457a2fb72ff9d4",
                "sha256:15b8acf4eaa0ebe37e2f69108de49efd935b7abe9c7e58ba737490b99906aa76",
                "sha256:16b8b915625dc6eb2ea7efdfb06f1fae44a9066c9016453a2ca120c034f33090",
                "sha256:1c44b57a6770b78a1eafe355878ff1ec59a2fa07455a2cbd522c071eedae04d4",
                "sha256:2281180490c475d09b7aa05dabafa5e09de9902176931e7295113f636c2b5360",
                "sha256:27113b354f7587684eb55125733e6e5be1f489458abfe12344dabd918d8dcc54",
                "sha256:331a897306adeec3c67470431ea8d8b4972b689d32966f94506d91f4dac20952",
                "sha256:392ad4cd004f7b843cf7d916d9a15b2d6585965bfef235be1c88d8f8649777e5",
                "sha256:3a671466158ed74c07ee070fb940ed783acf59ba6e6e53cb4de8fd63819c6c7f",
                "sha256:40ef70e8c5d0310dedff9af502b520b4c7e215bce94094527fb959150a0c594a",
                "sha256:4957f1ffa16598aa5379505fcbaeb47d65693a46b0817f4ee61db76707092aeb",
                "sha256:49624394805568acd7d767dea5a00d970fca5ad8f395fe0161eeea0de5133eba",
                "sha256:4e3249a2ec435b3b972610c66c8a714c188844500d564c910f57a2771dc61978",
                "sha256:531586c5598a99658249f3c5e92826d6d2bb117abd6ffc88527d1e1d9eaef924",
                "sha256:566809d9942e78821b279af70f3cf159a328127f9f3d5fee8d83ad8b2d27b2fe",
                "sha256:64d8ad369417759f5fdb8ffb7cbd6374fecc06ab51c9a226dee9bbd7d311c3b5",
                "sha256:674b340f2f7bb2adbc3f15144bd37ce5ea83239f78b68dbbd0ea3cba00107e2b",
                "sha256:67b304282cad38642587ebae68617e450e1ad4fa1c0c8b19e9e30274dbb32716",
                "sha256:6b83d7fc2597c6d392c225177d1fbbcff74900f8cc40b33236987fd1ff841330",
                "sha256:6d6626a6e4dbe843df96dc8c08dd244d2191a75324f54bfa4ebaa3e76b0b1958",
                "sha256:6e72a30be1746ea0749a8486d0ca0120c0b2757fe84fc246a5144b1ef66d7b89",
                "sha256:794f26a09b70f4f101df5cf54c6c12dc1b65747ab1dee5bda02c2991389ade56",
                "sha256:79c06d2577cb4d977922bbf01234de3b20f73d1784d3cbe3179deee1bdb9a60b",
                "sha256:87bc5f3e3698c65907d397003c64d25c3ea84e3d6aa46dac133bd98bf66835ee",
                "sha256:8e62d23d3fed9d4f81738f98dd193dbd2e21aed4a8f0dd715e75b5439e649727",
                "sha256:98777b5031f1b3c58b688815ffa83435c103b2152c26eb144f80f4a4bb34addb",
                "sha256:9906fb6bf6d9c30c23d85153f12d130f44325afe8f9ebe58aa7a6c82ecade9d8",
                "sha256:9dfe6c12b0e2c07f6a4a91a9912ef4e5bd007672533891a44e6f433ffbf7c3b1",
                "sha256:a66b3a5d18a7615f0f828b72e2d2935751459c89cc4725e56bdfb3d2cd93281f",
                "sha256:aab24a342642329de38139cb26f8492882ca0d8551bb87f6530bcc613945a0d0",
                "sha256:b4fb8ed6d29f2d6cf03ef99ffaad635bbc132a59be77013691392fe557e67144",
                "sha256:c4649af7f5d9553975ee66b6bfae20a84be779f13e163fa835e782961895e63c",
                "sha256:ccd37165d7a3e93f460096a2eb62b7a9c1ebe5c424eaee42d8e92740d0c8f6bc",
                "sha256:d5e033c04b416afcddd5231b3ff94a34fb5d26fba2416eb940e69b05f22cfd25",
                "sha256:d7b186183515ad6b8584ffe4bd820b72b00f6e7d121fb1c36294edeea9092313",
                "sha256:d8cc862a1ad30f94528d66cc6f95fb9e659005e568313e54a23550535b649573",
                "sha256:de51a0a71845b854f6a5967756c893c96bd03e37f39e5dce87b4f409dac36ee2",
                "sha256:e9abc03d67793b1bf33dc766caa69a3333f9db029869ba6e8fc6cd9c251c0080",
                "sha256:ecf1494cb695afead36995534f787761ee33fb9e116b23030113a37fe6057a83",
                "sha256:f06bb0753b7cecbff154b523cfb8f45dee2c31b0a4c72bed7da44c57f1cba113",
                "sha256:f336ad9be661d92fa45940e74e8ff3d78e67ebe9b4f7ea8774b2d680c17aeb6c",
                "sha256:f6caf36e7752728329a28f93afec7c4ec9015fc1c6e4460bd1eb0f3737e1c55a"
            ],
            "index": "pypi",
            "version": "==1.51.1"
        },
        "line-protocol-parser": {
            "hashes": [
                "sha256:000230fe79197e0fb9f18fc60463a91e1533406719eefc9674d69b4a34290616",
                "sha256:092fd5e20a0ad369993cc29d7d407281b4ee423afaef3df9696efaceb210d23e",
                "sha256:09acf04b6faaeb538e0ab4808042a9e0a506cb95b0f649ac20208ef5e824ef9b",
                "sha256:0a1a82703a6770663a156927724b90950fcbbbcfeb86355cc4513c958d25e4af",
                "sha256:0a6027c06142956e16d78465b342c7cbfe9e21974fd095c2d9fc006ee09dca8b",
                "sha256:0bd5e9a4b19e8286600bd6f7b584c0530f23f0cf2b6cbf9094c47b4a5e457f25",
                "sha256:114b72a25b66d63392c9dbed00444a8e5e29ca8fcecd7b797b22a25f6dde3452",
                "sha256:125d0e11d02eefdae6893a7b3ab8cfdbafbdf719fd0f132a9cbfe075526e10f4",
                "sha256:136c10e54709884d73f56289aff350dad44eeadff50ea1acf28c7127846bba70",
                "sha256:1439afe20d176ed73aee1f0d6d98e7edb6e5fb13130c697a9dc3d2390bfa22f5",
                "sha256:14fdf3b9cf626ef55b4d74a601b85fc482b5aebbd2e8afffa771bee0acc7580f",
                "sha256:17a401e8c4dee9957c1c18ef32a13b6a8f9a6a2d08bb21d6aac1fc2c991e523c",
                "sha256:18322447e93d65c3d6b541fdd616e68e93b0018aa912192370de4cf99c8d5c43",
                "sha256:1b57440e71db50cf2839ae45a6b656a8f92435e12231fb9580b3d937c8fac5cc",
                "sha256:1dcc44faeca92d4c76edd139af3a5677f46df42c59bc392f1ad049099a9a478e",
                "sha256:1e3088b802c1a37719461abef26acca4a04e4334dcabfe0a7c122b7dd1da4a5e",
                "sha256:1e9023953648fa0ccea94469e3cbaf77cfb1c24a5c6f58a5bafd58cb15f1240b",
                "sha256:1ff2d92b4d9ed159fbb82805d048f3c19c28cb5cf4b4aee9e9f23900975c5b59",
                "sha256:25cc27756c3db083186920d1a4cd79ce0da799be008dd697109b8df0e3f64449",
                "sha256:271d80441e24df563445ead53e30160b341bf45e483b43651a73f5bc15310c12",
                "sha256:2c0a61fdd1d8edceab7c6ebba61aa038b198138c27a6e13abbec99f82a3c2a63",
                "sha256:2c40419834326c45519b4f71d047f8fc208b84fa3a418f29f1482152a6915a9c",
                "sha256:3135c49978982ae9c2164651fb3417c75ee28d89628d6365ae95a4fc87021b0e",
                "sha256:3785ece4c16306d7ef57239958636f1b9693f3d64442a4351e95d2830925eb52",
                "sha256:383ba11e4820b189b3330ebe03cd7b398b082b6589f0b044c5cf3cbe2619c13e",
                "sha256:3e29067fd628fc1104c6eefce0a4733b64446c0dec6b8dffb0eb12e6a3202f56",
                "sha256:3f5dd9296eca4aa64ab3cf404e978aa654a315a93d6aec483e9de7f6b07ffe66",
                "sha256:3f5fdd9650ba1ca2f352293c0d1043df77e00e4a1e97266c6067f74954446326",
                "sha256:3fa0af862a2a543173c8fec92a3aea2fb0a493058d682af74878b13f68d473dd",
                "sha256:4276059afa07bb2ff3f0b61b37e4016cf26ca7b408217d902f672b2bb1cd0b3a",
                "sha256:4320e3705af52e156358e95253d1e448508bd11969698a1203b60a1d466a9928",
                "sha256:446dd683ce497cd3c2622547100c6e673430c71f2af7e39267d58353fae04aa5",
                "sha256:447dd78dc42a259f20e4ae00bf2b2abf31ed97d2dd547a048e2e58e2e3be76af",
                "sha256:464a04dcda479e79fbbc849896df8361cd5e7b9860d41f3ce6a84b6dcf7fc6da",
                "sha256:46f66a9ac7e1d8e198fc43655d1e86b0cc5e9fc7192ebd8ee475724ea4bc9a08",
                "sha256:4714996acd4cd7927c37df3c9a37a50230fdc4192492fb3f6c86248109011344",
                "sha256:480fc2f3314e15219e5d349da21bc906c2bc77111c3b5d9ca7d05e89e71c195d",
                "sha256:49410fd0fc6aacf499c2f09c62513969f1139ceeedc6b03cfb6f7e079f56b7e3",
                "sha256:4ac8f6971f1c209ce787ea39751409b10453bba7f0379dfa1afc26033190b87e",
                "sha256:528beac9dba7d1189982946a5f5a12cc4fc70155f78a29b0e62e700073b4a2d7",
                "sha256:5421d3e19e8a0d79073777f44d06b5e38fe0600db7a15727e4e3a43cce47a2bc",
                "sha256:5820efd60428b4ac659ccc4c4b6261b96fee1d9b2d52b0c35fe9e5424d359453",
                "sha256:58b0415b0b80b4e37703336bce6e448cfcb2e4f88a681a9ea572839bde4048f5",
                "sha256:5be0705587ecb5bc93381d79ea65605bd3c18bb06ea8e5e9d5b12fa69b97b4e9",
                "sha256:5d83d63ae4bee1ef8287203a71c15471d6b7c0c1a2cfa929d311599deaf70362",
                "sha256:62969348605e4839252a5f727771f88f043321652a26e5e038849b15d1ad185d",
                "sha256:63aed9c5d368e3bb71c850e45eab286eacad8927fae6976fb0b6fd6f6227815a",
                "sha256:66d614d81dc74f7f028b53b90eadbf5dcace12a2513d7e48f842d8f5d8257a25",
                "sha256:67902708d8bd2beb0f9d25cf2589b1365461640e2995989af572976144d26f76",
                "sha256:67f34af3bd957455fc7eed2c29e00a8d32383369e1b06e136f9c79a69474e8a0",
                "sha256:681b8a376002934defe76f457922f6832edc613486f8eb2979d65af161146eb8",
                "sha256:6c5cf1edff08eca23e0e5abc806e7ea57fb1370ba63d75ca743df7895ba18fc0",
                "sha256:6cb5d543e33fcc544ac9a7a89613d0383d046ea55ff3382b0878823404877781",
                "sha256:6cd30cfcefb5ffc0868d4fc9e96fc55e60dffd42813ad70acf93175511d16a86",
                "sha256:754de44624c6b672f89684908cf75f96d38de801c58de4d41eb88beef1085e2b",
                "sha256:76fc1bfb579a21f20352a675e28ff7605bf0d93cdad8ef50ea3cee063b227fca",
                "sha256:7b2aee01b3443f47124ffe89b04f8446e6209b7aa2dc905ec6603f913244d8ce",
                "sha256:7def7bdee5a9eb57f2424232181b0efc90f909d0d7cd9c76c812198c5093666b",
                "sha256:80114146157715927f43344bb12c1001bd1ba2796a25fb7920335d6177ae7c1d",
                "sha256:80f458c143083cca531c4e9a75cd330c04f0068cc47783c88a87ff7e3f6e81d7",
                "sha256:8393eeed8d38378e6051588805627325c3d76c6b554eaf83bb54bb45c5f4ce8f",
                "sha256:8a8c4ea3b6a102077b1e055ee2a1fdf9f8c24fdfffa28752329f8ab680900606",
                "sha256:8be2535b0b438c2de4456a72dd0809d338b578d256dc9ec61daf0a0268ec5cf7",
                "sha256:91db3378c6433667537ecbe9bebfeb1da118de609d8a7edb77c5423183f4217e",
                "sha256:9655094bfa94132c3a5becd73b309b9f2512dac2392357a8027896f55267eff5",
                "sha256:973764abaebcfb492b5589e53f616bb0b3ceece87cc910d22bf2b0850a53cae3",
                "sha256:99bf76b44987fcba19045bdb4f92a294ae50719931f4a44b09a55bfa348e516f",
                "sha256:9e45925a2386b563c8076f6619be02336e26135d3a685437b784b805817c7280",
                "sha256:a030a6313c48965fb161fbf74bcfb5d139e8f90816042f1582216f650746183d",
                "sha256:a143289ba113b6123126a486e5934c4e9c1d7b18cd1f6339f78a37a0ad0cd2ea",
                "sha256:a390f1abec3ad5a84b99d9c99c5dd8ef50995069202b97407bb7126641ad4bdc",
                "sha256:a6db4410c561c72936f2a84c4a68a95adf60e94a70baa8e5ffaa069744487ddc",
                "sha256:a70570ec52306802b762f1e733108840d0a7b6549026c41dd8bcd920f36ec528",
                "sha256:a94292a6741206562fe9cf3a1ce0faa8c3f1400001457e83ddf62ce36ab5d0ee",
                "sha256:ab68995ed7301f8805b075ca9c9cfc358bc473eceb47915f87c1cd6f91789c4c",
                "sha256:abd4c13e864641d601509a2b84614843e87e4cc1193455e3880b8bac52372e25",
                "sha256:aee455fa165110386a9616f9c71ba2799be85eb68f494ab944af492e80b4bb6a",
                "sha256:af292edf03e7d459f9e1390566ab57cd0ce8274fbe8165ee5de80dd01d507b62",
                "sha256:b13f49a82ccbd68fafbfdd775bf88055abbe23fc8b6048c66725300624beb86d",
                "sha256:b1ca24ece1a1a383c177dc195d48cec85e55cb96b988d5dd19739ffa98f58423",
                "sha256:b319422115201479c7f54dd81a7736de8436176c51fdc5472584e3e2a2051c91",
                "sha256:b6773921d8cf1167ec4b08fa597742223ca75e715f80a5e8796a6f9088cccffc",
                "sha256:b7433547cf3b5abb13ce9b11b1cf58c393d3dee271a648717bff17f32abf37fe",
                "sha256:b8384b1da9dbf173246e0018829f973ab1f02481a7d86299c6cf4c314c5c7bf1",
                "sha256:b9cdedfc48432e1688580859e3fce5f0d54fc33579af29e3847e1e0308be5d68",
                "sha256:bd683ff4be2c1b42d357aae01a3700d4697ad625bf7c5ad6b603def98420d73f",
                "sha256:c52496397c3262c4c6283c440a7527aa9848ccbe940f8aa2e1084b7446dd6d2c",
                "sha256:c58438b72734370282354c56cbd9e9966f5b042ff8c03e9a322198e73efcfb42",
                "sha256:c60e1b94cd90a1d5da671768dd1f37a35f9e3bc85d9b1ca210cf067b4070f198",
                "sha256:c71069d2a41e8c49dee7d572f3d74f7971f47db621e0a02b5f78e75698c0cea7",
                "sha256:c795d77e9a5eea78d0279701f7c4d4dc039d4eb325c518c05b0fd638d00d3222",
                "sha256:c851bcc91e85e3fc16bfa13b58e045dc1be0fd7eb9bcccecb662f332a8d3e282",
                "sha256:cb9fc2c6bc44dbc99791b8239d86aa90aace2766062f2a43aaec651840527fcf",
                "sha256:cc76e92c390ef54a81a81c2f98f51daf82e5b0461e78f51aba9097afc5819ff8",
                "sha256:cc89bceb3b2b4774ba42462ba45c02717a38e14b0ced838a881e3229f065d117",
                "sha256:cdc03b37f81a25798c9178ddeaa806aa3af73fabd28982a8c8460bb4f1796996",
                "sha256:d22a4daa6a8deafad9a1ca375d977af00202b243acbc6d6fe2760da08ac59186",
                "sha256:d4e0939bf80f1016ebe6e7bd74c56500bf614951d131fe3044a50997b8b2591f",
                "sha256:e08c97226dee70b31222d9199661a7c685d878a11e25b106c358176099eaa294",
                "sha256:e0f01ee5e457f9e13a9ed6bab82ea0bc30bbe5fc8853b94784dd442f41d4484f",
                "sha256:e54d5a2cbeb9742953af50fc00772ffa2587d3bfa2bc20186775d11d9ab63cdb",
                "sha256:e5d7cb39ca85560d9bdf3a29c12bac66cf75f064f54c9f85babbda2187e0086e",
                "sha256:e6a7a7c52b2d72947cb6d8f977c4d01d591973e2ba4ba884fdf9f7d6668b0a5b",
                "sha256:ec155fc973aaa1ff15c32ad7a874dd8a0470e4b0bf2984b2f9564f6b79f90f48",
                "sha256:ec2a1ddef6921296a25163d132331718a0730ed1f203f4c645efc44b32e66026",
                "sha256:ecca09a7a9883c55003b0cea8f3b044e0067fe68b80c958f6716654356133cb7",
                "sha256:ed4883a2c35830d888401953396fe212398ebbac9880f4c4ac24bc7bf0ff80d6",
                "sha256:ef5d8ffbb25ad5e825228ce61b12a3dd3f16a06f311339c279506520cf416bcb",
                "sha256:ef95c1b886117eb5447db76c7f670bc7c069b15ab7b63a2d7c52c6d3964fa752",
                "sha256:f10a79267d1ea21222fe2a5e999ab6906b66397ce86256645e6121bf2c0afecd",
                "sha256:f7422c8bf245f6fbf52ec62a752b9a1a8cdcb0833474a983f68801a0b4a04459",
                "sha256:f85ba172abe584c51123538b79adfad0752bc0f91a10bae8b3464a8a7d46a20e",
                "sha256:f9290659dbe9a1474c1a18603f53b5354441e26140bfff607b4fe3dafd073b2d",
                "sha256:f951f666525583c80acd8eb1bb21004d91722726e14be4ebaaaaa5b74c7e3fa1",
                "sha256:fa57ec0f572756f59356ca000fc3a6fbb604782c91a50f67c0d5f3c90fbc2a20",
                "sha256:fec8bcada1d4d3edd9d7f37082d438f17c36f033d1a315c71fb5fb8a0e88222d"
            ],
            "index": "pypi",
            "version": "==1.1.1"
        },
        "numpy": {
            "hashes": [
                "sha256:0044f7d944ee882400890f9ae955220d29b33d809a038923d88e4e01d652acd9",
                "sha256:0e3463e6ac25313462e04aea3fb8a0a30fb906d5d300f58b3bc2c23da6a15398",
                "sha256:179a7ef0889ab769cc03573b6217f54c8bd8e16cef80aad369e1e8185f994cd7",
                "sha256:2386da9a471cc00a1f47845e27d916d5ec5346ae9696e01a8a34760858fe9dd2",
                "sha256:26089487086f2648944f17adaa1a97ca6aee57f513ba5f1c0b7ebdabbe2b9954",
                "sha256:28bc9750ae1f75264ee0f10561709b1462d450a4808cd97c013046073ae64ab6",
                "sha256:28e418681372520c992805bb723e29d69d6b7aa411065f48216d8329d02ba032",
                "sha256:442feb5e5bada8408e8fcd43f3360b78683ff12a4444670a7d9e9824c1817d36",
                "sha256:6ec0c021cd9fe732e5bab6401adea5a409214ca5592cd92a114f7067febcba0c",
                "sha256:7094891dcf79ccc6bc2a1f30428fa5edb1e6fb955411ffff3401fb4ea93780a8",
                "sha256:84e789a085aabef2f36c0515f45e459f02f570c4b4c4c108ac1179c34d475ed7",
                "sha256:87a118968fba001b248aac90e502c0b13606721b1343cdaddbc6e552e8dfb56f",
                "sha256:8e669fbdcdd1e945691079c2cae335f3e3a56554e06bbd45d7609a6cf568c700",
                "sha256:ad2925567f43643f51255220424c23d204024ed428afc5aad0f86f3ffc080086",
                "sha256:b0677a52f5d896e84414761531947c7a330d1adc07c3a4372262f25d84af7bf7",
                "sha256:b07b40f5fb4fa034120a5796288f24c1fe0e0580bbfff99897ba6267af42def2",
                "sha256:b09804ff570b907da323b3d762e74432fb07955701b17b08ff1b5ebaa8cfe6a9",
                "sha256:b162ac10ca38850510caf8ea33f89edcb7b0bb0dfa5592d59909419986b72407",
                "sha256:b31da69ed0c18be8b77bfce48d234e55d040793cebb25398e2a7d84199fbc7e2",
                "sha256:caf65a396c0d1f9809596be2e444e3bd4190d86d5c1ce21f5fc4be60a3bc5b36",
                "sha256:cfa1161c6ac8f92dea03d625c2d0c05e084668f4a06568b77a25a89111621566",
                "sha256:dae46bed2cb79a58d6496ff6d8da1e3b95ba09afeca2e277628171ca99b99db1",
                "sha256:ddc7ab52b322eb1e40521eb422c4e0a20716c271a306860979d450decbb51b8e",
                "sha256:de92efa737875329b052982e37bd4371d52cabf469f83e7b8be9bb7752d67e51",
                "sha256:e274f0f6c7efd0d577744f52032fdd24344f11c5ae668fe8d01aac0422611df1",
                "sha256:ed5fb71d79e771ec930566fae9c02626b939e37271ec285e9efaf1b5d4370e7d",
                "sha256:ef85cf1f693c88c1fd229ccd1055570cb41cdf4875873b7728b6301f12cd05bf",
                "sha256:f1b739841821968798947d3afcefd386fa56da0caf97722a5de53e07c4ccedc7"
            ],
            "markers": "python_version < '3.10'",
            "version": "==1.24.1"
        },
        "pandas": {
            "hashes": [
                "sha256:14e45300521902689a81f3f41386dc86f19b8ba8dd5ac5a3c7010ef8d2932813",
                "sha256:26d9c71772c7afb9d5046e6e9cf42d83dd147b5cf5bcb9d97252077118543792",
                "sha256:3749077d86e3a2f0ed51367f30bf5b82e131cc0f14260c4d3e499186fccc4406",
                "sha256:41179ce559943d83a9b4bbacb736b04c928b095b5f25dd2b7389eda08f46f373",
                "sha256:478ff646ca42b20376e4ed3fa2e8d7341e8a63105586efe54fa2508ee087f328",
                "sha256:50869a35cbb0f2e0cd5ec04b191e7b12ed688874bd05dd777c19b28cbea90996",
                "sha256:565fa34a5434d38e9d250af3c12ff931abaf88050551d9fbcdfafca50d62babf",
                "sha256:5f2b952406a1588ad4cad5b3f55f520e82e902388a6d5a4a91baa8d38d23c7f6",
                "sha256:5fbcb19d6fceb9e946b3e23258757c7b225ba450990d9ed63ccceeb8cae609f7",
                "sha256:6973549c01ca91ec96199e940495219c887ea815b2083722821f1d7abfa2b4dc",
                "sha256:74a3fd7e5a7ec052f183273dc7b0acd3a863edf7520f5d3a1765c04ffdb3b0b1",
                "sha256:7a0a56cef15fd1586726dace5616db75ebcfec9179a3a55e78f72c5639fa2a23",
                "sha256:7cec0bee9f294e5de5bbfc14d0573f65526071029d036b753ee6507d2a21480a",
                "sha256:87bd9c03da1ac870a6d2c8902a0e1fd4267ca00f13bc494c9e5a9020920e1d51",
                "sha256:972d8a45395f2a2d26733eb8d0f629b2f90bebe8e8eddbb8829b180c09639572",
                "sha256:9842b6f4b8479e41968eced654487258ed81df7d1c9b7b870ceea24ed9459b31",
                "sha256:9f69c4029613de47816b1bb30ff5ac778686688751a5e9c99ad8c7031f6508e5",
                "sha256:a50d9a4336a9621cab7b8eb3fb11adb82de58f9b91d84c2cd526576b881a0c5a",
                "sha256:bc4c368f42b551bf72fac35c5128963a171b40dce866fb066540eeaf46faa003",
                "sha256:c39a8da13cede5adcd3be1182883aea1c925476f4e84b2807a46e2775306305d",
                "sha256:c3ac844a0fe00bfaeb2c9b51ab1424e5c8744f89860b138434a363b1f620f354",
                "sha256:c4c00e0b0597c8e4f59e8d461f797e5d70b4d025880516a8261b2817c47759ee",
                "sha256:c74a62747864ed568f5a82a49a23a8d7fe171d0c69038b38cedf0976831296fa",
                "sha256:dd05f7783b3274aa206a1af06f0ceed3f9b412cf665b7247eacd83be41cf7bf0",
                "sha256:dfd681c5dc216037e0b0a2c821f5ed99ba9f03ebcf119c7dac0e9a7b960b9ec9",
                "sha256:e474390e60ed609cec869b0da796ad94f420bb057d86784191eefc62b65819ae",
                "sha256:f76d097d12c82a535fda9dfe5e8dd4127952b45fea9b0276cb30cca5ea313fbc"
            ],
            "index": "pypi",
            "version": "==1.5.3"
        },
        "pika": {
            "hashes": [
                "sha256:89f5e606646caebe3c00cbdbc4c2c609834adde45d7507311807b5775edac8e0",
                "sha256:beb19ff6dd1547f99a29acc2c6987ebb2ba7c44bf44a3f8e305877c5ef7d2fdc"
            ],
            "index": "pypi",
            "version": "==1.3.1"
        },
        "protobuf": {
            "hashes": [
                "sha256:1f22ac0ca65bb70a876060d96d914dae09ac98d114294f77584b0d2644fa9c30",
                "sha256:237216c3326d46808a9f7c26fd1bd4b20015fb6867dc5d263a493ef9a539293b",
                "sha256:27f4d15021da6d2b706ddc3860fac0a5ddaba34ab679dc182b60a8bb4e1121cc",
                "sha256:299ea899484ee6f44604deb71f424234f654606b983cb496ea2a53e3c63ab791",
                "sha256:3d164928ff0727d97022957c2b849250ca0e64777ee31efd7d6de2e07c494717",
                "sha256:6ab80df09e3208f742c98443b6166bcb70d65f52cfeb67357d52032ea1ae9bec",
                "sha256:78a28c9fa223998472886c77042e9b9afb6fe4242bd2a2a5aced88e3f4422aa7",
                "sha256:7cd532c4566d0e6feafecc1059d04c7915aec8e182d1cf7adee8b24ef1e2e6ab",
                "sha256:89f9149e4a0169cddfc44c74f230d7743002e3aa0b9472d8c28f0388102fc4c2",
                "sha256:a53fd3f03e578553623272dc46ac2f189de23862e68565e83dde203d41b76fc5",
                "sha256:b135410244ebe777db80298297a97fbb4c862c881b4403b71bac9d4107d61fd1",
                "sha256:b98d0148f84e3a3c569e19f52103ca1feacdac0d2df8d6533cf983d1fda28462",
                "sha256:d1736130bce8cf131ac7957fa26880ca19227d4ad68b4888b3be0dea1f95df97",
                "sha256:f45460f9ee70a0ec1b6694c6e4e348ad2019275680bd68a1d9314b8c7e01e574"
            ],
            "markers": "python_version >= '3.7'",
            "version": "==4.21.12"
        },
        "psycopg2-binary": {
            "hashes": [
                "sha256:0deac2af1a587ae12836aa07970f5cb91964f05a7c6cdb69d8425ff4c15d4e2c",
                "sha256:0e4dc3d5996760104746e6cfcdb519d9d2cd27c738296525d5867ea695774e67",
                "sha256:11b9c0ebce097180129e422379b824ae21c8f2a6596b159c7659e2e5a00e1aa0",
                "sha256:15978a1fbd225583dd8cdaf37e67ccc278b5abecb4caf6b2d6b8e2b948e953f6",
                "sha256:1fabed9ea2acc4efe4671b92c669a213db744d2af8a9fc5d69a8e9bc14b7a9db",
                "sha256:2dac98e85565d5688e8ab7bdea5446674a83a3945a8f416ad0110018d1501b94",
                "sha256:42ec1035841b389e8cc3692277a0bd81cdfe0b65d575a2c8862cec7a80e62e52",
                "sha256:6422f2ff0919fd720195f64ffd8f924c1395d30f9a495f31e2392c2efafb5056",
                "sha256:6a32f3a4cb2f6e1a0b15215f448e8ce2da192fd4ff35084d80d5e39da683e79b",
                "sha256:7312e931b90fe14f925729cde58022f5d034241918a5c4f9797cac62f6b3a9dd",
                "sha256:7d92a09b788cbb1aec325af5fcba9fed7203897bbd9269d5691bb1e3bce29550",
                "sha256:833709a5c66ca52f1d21d41865a637223b368c0ee76ea54ca5bad6f2526c7679",
                "sha256:89705f45ce07b2dfa806ee84439ec67c5d9a0ef20154e0e475e2b2ed392a5b83",
                "sha256:8cd0fb36c7412996859cb4606a35969dd01f4ea34d9812a141cd920c3b18be77",
                "sha256:950bc22bb56ee6ff142a2cb9ee980b571dd0912b0334aa3fe0fe3788d860bea2",
                "sha256:a0c50db33c32594305b0ef9abc0cb7db13de7621d2cadf8392a1d9b3c437ef77",
                "sha256:a0eb43a07386c3f1f1ebb4dc7aafb13f67188eab896e7397aa1ee95a9c884eb2",
                "sha256:aaa4213c862f0ef00022751161df35804127b78adf4a2755b9f991a507e425fd",
                "sha256:ac0c682111fbf404525dfc0f18a8b5f11be52657d4f96e9fcb75daf4f3984859",
                "sha256:ad20d2eb875aaa1ea6d0f2916949f5c08a19c74d05b16ce6ebf6d24f2c9f75d1",
                "sha256:b4afc542c0ac0db720cf516dd20c0846f71c248d2b3d21013aa0d4ef9c71ca25",
                "sha256:b8a3715b3c4e604bcc94c90a825cd7f5635417453b253499664f784fc4da0152",
                "sha256:ba28584e6bca48c59eecbf7efb1576ca214b47f05194646b081717fa628dfddf",
                "sha256:ba381aec3a5dc29634f20692349d73f2d21f17653bda1decf0b52b11d694541f",
                "sha256:bd1be66dde2b82f80afb9459fc618216753f67109b859a361cf7def5c7968729",
                "sha256:c2507d796fca339c8fb03216364cca68d87e037c1f774977c8fc377627d01c71",
                "sha256:cec7e622ebc545dbb4564e483dd20e4e404da17ae07e06f3e780b2dacd5cee66",
                "sha256:d14b140a4439d816e3b1229a4a525df917d6ea22a0771a2a78332273fd9528a4",
                "sha256:d1b4ab59e02d9008efe10ceabd0b31e79519da6fb67f7d8e8977118832d0f449",
                "sha256:d5227b229005a696cc67676e24c214740efd90b148de5733419ac9aaba3773da",
                "sha256:e1f57aa70d3f7cc6947fd88636a481638263ba04a742b4a37dd25c373e41491a",
                "sha256:e74a55f6bad0e7d3968399deb50f61f4db1926acf4a6d83beaaa7df986f48b1c",
                "sha256:e82aba2188b9ba309fd8e271702bd0d0fc9148ae3150532bbb474f4590039ffb",
                "sha256:ee69dad2c7155756ad114c02db06002f4cded41132cc51378e57aad79cc8e4f4",
                "sha256:f5ab93a2cb2d8338b1674be43b442a7f544a0971da062a5da774ed40587f18f5"
            ],
            "markers": "python_version >= '2.7' and python_version not in '3.0, 3.1, 3.2, 3.3'",
            "version": "==2.8.6"
        },
        "pymysql": {
            "hashes": [
                "sha256:adef15ceccf1ff544a23a6f46609f65187261dc8b0cf94c9644189c173b0a451",
                "sha256:e14070bc84e050e0f80bf6063e31d276f03a0bb4d46b9eca2854566c4ae19837"
            ],
            "version": "==0.10.0"
        },
        "python-dateutil": {
            "hashes": [
                "sha256:0123cacc1627ae19ddf3c27a5de5bd67ee4586fbdd6440d9748f8abb483d3e86",
                "sha256:961d03dc3453ebbc59dbdea9e4e11c5651520a876d0f4db161e8674aae935da9"
            ],
            "markers": "python_version >= '2.7' and python_version not in '3.0, 3.1, 3.2, 3.3'",
            "version": "==2.8.2"
        },
        "pytz": {
            "hashes": [
                "sha256:01a0681c4b9684a28304615eba55d1ab31ae00bf68ec157ec3708a8182dbbcd0",
                "sha256:78f4f37d8198e0627c5f1143240bb0206b8691d8d7ac6d78fee88b78733f8c4a"
            ],
            "version": "==2022.7.1"
        },
        "setuptools": {
            "hashes": [
                "sha256:6f590d76b713d5de4e49fe4fbca24474469f53c83632d5d0fd056f7ff7e8112b",
                "sha256:ac4008d396bc9cd983ea483cb7139c0240a07bbc74ffb6232fceffedc6cf03a8"
            ],
            "markers": "python_version >= '3.7'",
            "version": "==66.1.1"
        },
        "six": {
            "hashes": [
                "sha256:1e61c37477a1626458e36f7b1d82aa5c9b094fa4802892072e49de9c60c4c926",
                "sha256:8abb2f1d86890a2dfb989f9a77cfcfd3e47c2a354b01111771326f8aa26e0254"
            ],
            "markers": "python_version >= '2.7' and python_version not in '3.0, 3.1, 3.2, 3.3'",
            "version": "==1.16.0"
        }
    },
    "develop": {}
}
